
Microsoft Visual Studio Solution File, Format Version 12.00
Project("{FAE04EC0-301F-11D3-BF4B-00C04F79EFBC}") = "SeaBattle", "SeaBattle\SeaBattle.csproj", "{0E059C95-9BEC-4710-8808-E4888BECC119}"
EndProject
Global
	GlobalSection(SolutionConfigurationPlatforms) = preSolution
		Debug|Any CPU = Debug|Any CPU
		Release|Any CPU = Release|Any CPU
	EndGlobalSection
	GlobalSection(ProjectConfigurationPlatforms) = postSolution
		{0E059C95-9BEC-4710-8808-E4888BECC119}.Debug|Any CPU.ActiveCfg = Debug|Any CPU
		{0E059C95-9BEC-4710-8808-E4888BECC119}.Debug|Any CPU.Build.0 = Debug|Any CPU
		{0E059C95-9BEC-4710-8808-E4888BECC119}.Release|Any CPU.ActiveCfg = Release|Any CPU
		{0E059C95-9BEC-4710-8808-E4888BECC119}.Release|Any CPU.Build.0 = Release|Any CPU
	EndGlobalSection
EndGlobal
